version = 1
requires-python = ">=3.11"

[[package]]
name = "nix-workspace"
version = "0.1.0"
source = { virtual = "." }
dependencies = [
    { name = "tinydb" },
]

[package.metadata]
requires-dist = [{ name = "tinydb", specifier = ">=4.8.2" }]

[[package]]
name = "tinydb"
version = "4.8.2"
source = { registry = "https://pypi.org/simple" }
sdist = { url = "https://files.pythonhosted.org/packages/a0/79/4af51e2bb214b6ea58f857c51183d92beba85b23f7ba61c983ab3de56c33/tinydb-4.8.2.tar.gz", hash = "sha256:f7dfc39b8d7fda7a1ca62a8dbb449ffd340a117c1206b68c50b1a481fb95181d", size = 32566 }
wheels = [
    { url = "https://files.pythonhosted.org/packages/78/17/853354204e1ca022d6b7d011ca7f3206c4f8faa3cc743e92609b49c1d83f/tinydb-4.8.2-py3-none-any.whl", hash = "sha256:f97030ee5cbc91eeadd1d7af07ab0e48ceb04aa63d4a983adbaca4cba16e86c3", size = 24888 },
]
